// !$*UTF8*$!
{
	archiveVersion = 1;
	classes = {
	};
	objectVersion = 56;
	objects = {

/* Begin PBXBuildFile section */
		674476EE29FEC9D50004C4BC /* ProfileView.swift in Sources */ = {isa = PBXBuildFile; fileRef = 674476ED29FEC9D50004C4BC /* ProfileView.swift */; };
		674476F429FEDB960004C4BC /* HomeView.swift in Sources */ = {isa = PBXBuildFile; fileRef = 674476F329FEDB960004C4BC /* HomeView.swift */; };
		675BA04429FB226A00AAB4F4 /* CapstoneIosFinalApp.swift in Sources */ = {isa = PBXBuildFile; fileRef = 675BA04329FB226A00AAB4F4 /* CapstoneIosFinalApp.swift */; };
		675BA04829FB226A00AAB4F4 /* Assets.xcassets in Resources */ = {isa = PBXBuildFile; fileRef = 675BA04729FB226A00AAB4F4 /* Assets.xcassets */; };
		675BA04B29FB226A00AAB4F4 /* Preview Assets.xcassets in Resources */ = {isa = PBXBuildFile; fileRef = 675BA04A29FB226A00AAB4F4 /* Preview Assets.xcassets */; };
		675BA04D29FB226A00AAB4F4 /* Persistence.swift in Sources */ = {isa = PBXBuildFile; fileRef = 675BA04C29FB226A00AAB4F4 /* Persistence.swift */; };
		675BA05029FB226A00AAB4F4 /* CapstoneIosFinal.xcdatamodeld in Sources */ = {isa = PBXBuildFile; fileRef = 675BA04E29FB226A00AAB4F4 /* CapstoneIosFinal.xcdatamodeld */; };
		675BA05A29FB226B00AAB4F4 /* CapstoneIosFinalTests.swift in Sources */ = {isa = PBXBuildFile; fileRef = 675BA05929FB226B00AAB4F4 /* CapstoneIosFinalTests.swift */; };
		675BA06429FB226B00AAB4F4 /* CapstoneIosFinalUITests.swift in Sources */ = {isa = PBXBuildFile; fileRef = 675BA06329FB226B00AAB4F4 /* CapstoneIosFinalUITests.swift */; };
		675BA06629FB226B00AAB4F4 /* CapstoneIosFinalUITestsLaunchTests.swift in Sources */ = {isa = PBXBuildFile; fileRef = 675BA06529FB226B00AAB4F4 /* CapstoneIosFinalUITestsLaunchTests.swift */; };
		675BA07329FB23A900AAB4F4 /* Onboarding.swift in Sources */ = {isa = PBXBuildFile; fileRef = 675BA07229FB23A900AAB4F4 /* Onboarding.swift */; };
/* End PBXBuildFile section */

/* Begin PBXContainerItemProxy section */
		675BA05629FB226B00AAB4F4 /* PBXContainerItemProxy */ = {
			isa = PBXContainerItemProxy;
			containerPortal = 675BA03829FB226A00AAB4F4 /* Project object */;
			proxyType = 1;
			remoteGlobalIDString = 675BA03F29FB226A00AAB4F4;
			remoteInfo = CapstoneIosFinal;
		};
		675BA06029FB226B00AAB4F4 /* PBXContainerItemProxy */ = {
			isa = PBXContainerItemProxy;
			containerPortal = 675BA03829FB226A00AAB4F4 /* Project object */;
			proxyType = 1;
			remoteGlobalIDString = 675BA03F29FB226A00AAB4F4;
			remoteInfo = CapstoneIosFinal;
		};
/* End PBXContainerItemProxy section */

/* Begin PBXFileReference section */
		674476ED29FEC9D50004C4BC /* ProfileView.swift */ = {isa = PBXFileReference; lastKnownFileType = sourcecode.swift; path = ProfileView.swift; sourceTree = "<group>"; };
		674476F329FEDB960004C4BC /* HomeView.swift */ = {isa = PBXFileReference; lastKnownFileType = sourcecode.swift; path = HomeView.swift; sourceTree = "<group>"; };
		675BA04029FB226A00AAB4F4 /* CapstoneIosFinal.app */ = {isa = PBXFileReference; explicitFileType = wrapper.application; includeInIndex = 0; path = CapstoneIosFinal.app; sourceTree = BUILT_PRODUCTS_DIR; };
		675BA04329FB226A00AAB4F4 /* CapstoneIosFinalApp.swift */ = {isa = PBXFileReference; lastKnownFileType = sourcecode.swift; path = CapstoneIosFinalApp.swift; sourceTree = "<group>"; };
		675BA04729FB226A00AAB4F4 /* Assets.xcassets */ = {isa = PBXFileReference; lastKnownFileType = folder.assetcatalog; path = Assets.xcassets; sourceTree = "<group>"; };
		675BA04A29FB226A00AAB4F4 /* Preview Assets.xcassets */ = {isa = PBXFileReference; lastKnownFileType = folder.assetcatalog; path = "Preview Assets.xcassets"; sourceTree = "<group>"; };
		675BA04C29FB226A00AAB4F4 /* Persistence.swift */ = {isa = PBXFileReference; lastKnownFileType = sourcecode.swift; path = Persistence.swift; sourceTree = "<group>"; };
		675BA04F29FB226A00AAB4F4 /* CapstoneIosFinal.xcdatamodel */ = {isa = PBXFileReference; lastKnownFileType = wrapper.xcdatamodel; path = CapstoneIosFinal.xcdatamodel; sourceTree = "<group>"; };
		675BA05529FB226B00AAB4F4 /* CapstoneIosFinalTests.xctest */ = {isa = PBXFileReference; explicitFileType = wrapper.cfbundle; includeInIndex = 0; path = CapstoneIosFinalTests.xctest; sourceTree = BUILT_PRODUCTS_DIR; };
		675BA05929FB226B00AAB4F4 /* CapstoneIosFinalTests.swift */ = {isa = PBXFileReference; lastKnownFileType = sourcecode.swift; path = CapstoneIosFinalTests.swift; sourceTree = "<group>"; };
		675BA05F29FB226B00AAB4F4 /* CapstoneIosFinalUITests.xctest */ = {isa = PBXFileReference; explicitFileType = wrapper.cfbundle; includeInIndex = 0; path = CapstoneIosFinalUITests.xctest; sourceTree = BUILT_PRODUCTS_DIR; };
		675BA06329FB226B00AAB4F4 /* CapstoneIosFinalUITests.swift */ = {isa = PBXFileReference; lastKnownFileType = sourcecode.swift; path = CapstoneIosFinalUITests.swift; sourceTree = "<group>"; };
		675BA06529FB226B00AAB4F4 /* CapstoneIosFinalUITestsLaunchTests.swift */ = {isa = PBXFileReference; lastKnownFileType = sourcecode.swift; path = CapstoneIosFinalUITestsLaunchTests.swift; sourceTree = "<group>"; };
		675BA07229FB23A900AAB4F4 /* Onboarding.swift */ = {isa = PBXFileReference; lastKnownFileType = sourcecode.swift; path = Onboarding.swift; sourceTree = "<group>"; };
/* End PBXFileReference section */

/* Begin PBXFrameworksBuildPhase section */
		675BA03D29FB226A00AAB4F4 /* Frameworks */ = {
			isa = PBXFrameworksBuildPhase;
			buildActionMask = 2147483647;
			files = (
			);
			runOnlyForDeploymentPostprocessing = 0;
		};
		675BA05229FB226B00AAB4F4 /* Frameworks */ = {
			isa = PBXFrameworksBuildPhase;
			buildActionMask = 2147483647;
			files = (
			);
			runOnlyForDeploymentPostprocessing = 0;
		};
		675BA05C29FB226B00AAB4F4 /* Frameworks */ = {
			isa = PBXFrameworksBuildPhase;
			buildActionMask = 2147483647;
			files = (
			);
			runOnlyForDeploymentPostprocessing = 0;
		};
/* End PBXFrameworksBuildPhase section */

/* Begin PBXGroup section */
		675BA03729FB226A00AAB4F4 = {
			isa = PBXGroup;
			children = (
				675BA04229FB226A00AAB4F4 /* CapstoneIosFinal */,
				675BA05829FB226B00AAB4F4 /* CapstoneIosFinalTests */,
				675BA06229FB226B00AAB4F4 /* CapstoneIosFinalUITests */,
				675BA04129FB226A00AAB4F4 /* Products */,
			);
			sourceTree = "<group>";
		};
		675BA04129FB226A00AAB4F4 /* Products */ = {
			isa = PBXGroup;
			children = (
				675BA04029FB226A00AAB4F4 /* CapstoneIosFinal.app */,
				675BA05529FB226B00AAB4F4 /* CapstoneIosFinalTests.xctest */,
				675BA05F29FB226B00AAB4F4 /* CapstoneIosFinalUITests.xctest */,
			);
			name = Products;
			sourceTree = "<group>";
		};
		675BA04229FB226A00AAB4F4 /* CapstoneIosFinal */ = {
			isa = PBXGroup;
			children = (
				675BA04329FB226A00AAB4F4 /* CapstoneIosFinalApp.swift */,
				675BA07229FB23A900AAB4F4 /* Onboarding.swift */,
				674476F329FEDB960004C4BC /* HomeView.swift */,
				674476ED29FEC9D50004C4BC /* ProfileView.swift */,
				675BA04729FB226A00AAB4F4 /* Assets.xcassets */,
				675BA04C29FB226A00AAB4F4 /* Persistence.swift */,
				675BA04E29FB226A00AAB4F4 /* CapstoneIosFinal.xcdatamodeld */,
				675BA04929FB226A00AAB4F4 /* Preview Content */,
			);
			path = CapstoneIosFinal;
			sourceTree = "<group>";
		};
		675BA04929FB226A00AAB4F4 /* Preview Content */ = {
			isa = PBXGroup;
			children = (
				675BA04A29FB226A00AAB4F4 /* Preview Assets.xcassets */,
			);
			path = "Preview Content";
			sourceTree = "<group>";
		};
		675BA05829FB226B00AAB4F4 /* CapstoneIosFinalTests */ = {
			isa = PBXGroup;
			children = (
				675BA05929FB226B00AAB4F4 /* CapstoneIosFinalTests.swift */,
			);
			path = CapstoneIosFinalTests;
			sourceTree = "<group>";
		};
		675BA06229FB226B00AAB4F4 /* CapstoneIosFinalUITests */ = {
			isa = PBXGroup;
			children = (
				675BA06329FB226B00AAB4F4 /* CapstoneIosFinalUITests.swift */,
				675BA06529FB226B00AAB4F4 /* CapstoneIosFinalUITestsLaunchTests.swift */,
			);
			path = CapstoneIosFinalUITests;
			sourceTree = "<group>";
		};
/* End PBXGroup section */

/* Begin PBXNativeTarget section */
		675BA03F29FB226A00AAB4F4 /* CapstoneIosFinal */ = {
			isa = PBXNativeTarget;
			buildConfigurationList = 675BA06929FB226B00AAB4F4 /* Build configuration list for PBXNativeTarget "CapstoneIosFinal" */;
			buildPhases = (
				675BA03C29FB226A00AAB4F4 /* Sources */,
				675BA03D29FB226A00AAB4F4 /* Frameworks */,
				675BA03E29FB226A00AAB4F4 /* Resources */,
			);
			buildRules = (
			);
			dependencies = (
			);
			name = CapstoneIosFinal;
			productName = CapstoneIosFinal;
			productReference = 675BA04029FB226A00AAB4F4 /* CapstoneIosFinal.app */;
			productType = "com.apple.product-type.application";
		};
		675BA05429FB226B00AAB4F4 /* CapstoneIosFinalTests */ = {
			isa = PBXNativeTarget;
			buildConfigurationList = 675BA06C29FB226B00AAB4F4 /* Build configuration list for PBXNativeTarget "CapstoneIosFinalTests" */;
			buildPhases = (
				675BA05129FB226B00AAB4F4 /* Sources */,
				675BA05229FB226B00AAB4F4 /* Frameworks */,
				675BA05329FB226B00AAB4F4 /* Resources */,
			);
			buildRules = (
			);
			dependencies = (
				675BA05729FB226B00AAB4F4 /* PBXTargetDependency */,
			);
			name = CapstoneIosFinalTests;
			productName = CapstoneIosFinalTests;
			productReference = 675BA05529FB226B00AAB4F4 /* CapstoneIosFinalTests.xctest */;
			productType = "com.apple.product-type.bundle.unit-test";
		};
		675BA05E29FB226B00AAB4F4 /* CapstoneIosFinalUITests */ = {
			isa = PBXNativeTarget;
			buildConfigurationList = 675BA06F29FB226B00AAB4F4 /* Build configuration list for PBXNativeTarget "CapstoneIosFinalUITests" */;
			buildPhases = (
				675BA05B29FB226B00AAB4F4 /* Sources */,
				675BA05C29FB226B00AAB4F4 /* Frameworks */,
				675BA05D29FB226B00AAB4F4 /* Resources */,
			);
			buildRules = (
			);
			dependencies = (
				675BA06129FB226B00AAB4F4 /* PBXTargetDependency */,
			);
			name = CapstoneIosFinalUITests;
			productName = CapstoneIosFinalUITests;
			productReference = 675BA05F29FB226B00AAB4F4 /* CapstoneIosFinalUITests.xctest */;
			productType = "com.apple.product-type.bundle.ui-testing";
		};
/* End PBXNativeTarget section */

/* Begin PBXProject section */
		675BA03829FB226A00AAB4F4 /* Project object */ = {
			isa = PBXProject;
			attributes = {
				BuildIndependentTargetsInParallel = 1;
				LastSwiftUpdateCheck = 1430;
				LastUpgradeCheck = 1430;
				TargetAttributes = {
					675BA03F29FB226A00AAB4F4 = {
						CreatedOnToolsVersion = 14.3;
					};
					675BA05429FB226B00AAB4F4 = {
						CreatedOnToolsVersion = 14.3;
						TestTargetID = 675BA03F29FB226A00AAB4F4;
					};
					675BA05E29FB226B00AAB4F4 = {
						CreatedOnToolsVersion = 14.3;
						TestTargetID = 675BA03F29FB226A00AAB4F4;
					};
				};
			};
			buildConfigurationList = 675BA03B29FB226A00AAB4F4 /* Build configuration list for PBXProject "CapstoneIosFinal" */;
			compatibilityVersion = "Xcode 14.0";
			developmentRegion = en;
			hasScannedForEncodings = 0;
			knownRegions = (
				en,
				Base,
			);
			mainGroup = 675BA03729FB226A00AAB4F4;
			productRefGroup = 675BA04129FB226A00AAB4F4 /* Products */;
			projectDirPath = "";
			projectRoot = "";
			targets = (
				675BA03F29FB226A00AAB4F4 /* CapstoneIosFinal */,
				675BA05429FB226B00AAB4F4 /* CapstoneIosFinalTests */,
				675BA05E29FB226B00AAB4F4 /* CapstoneIosFinalUITests */,
			);
		};
/* End PBXProject section */

/* Begin PBXResourcesBuildPhase section */
		675BA03E29FB226A00AAB4F4 /* Resources */ = {
			isa = PBXResourcesBuildPhase;
			buildActionMask = 2147483647;
			files = (
				675BA04B29FB226A00AAB4F4 /* Preview Assets.xcassets in Resources */,
				675BA04829FB226A00AAB4F4 /* Assets.xcassets in Resources */,
			);
			runOnlyForDeploymentPostprocessing = 0;
		};
		675BA05329FB226B00AAB4F4 /* Resources */ = {
			isa = PBXResourcesBuildPhase;
			buildActionMask = 2147483647;
			files = (
			);
			runOnlyForDeploymentPostprocessing = 0;
		};
		675BA05D29FB226B00AAB4F4 /* Resources */ = {
			isa = PBXResourcesBuildPhase;
			buildActionMask = 2147483647;
			files = (
			);
			runOnlyForDeploymentPostprocessing = 0;
		};
/* End PBXResourcesBuildPhase section */

/* Begin PBXSourcesBuildPhase section */
		675BA03C29FB226A00AAB4F4 /* Sources */ = {
			isa = PBXSourcesBuildPhase;
			buildActionMask = 2147483647;
			files = (
				675BA04D29FB226A00AAB4F4 /* Persistence.swift in Sources */,
				674476F429FEDB960004C4BC /* HomeView.swift in Sources */,
				675BA07329FB23A900AAB4F4 /* Onboarding.swift in Sources */,
				675BA04429FB226A00AAB4F4 /* CapstoneIosFinalApp.swift in Sources */,
				674476EE29FEC9D50004C4BC /* ProfileView.swift in Sources */,
				675BA05029FB226A00AAB4F4 /* CapstoneIosFinal.xcdatamodeld in Sources */,
			);
			runOnlyForDeploymentPostprocessing = 0;
		};
		675BA05129FB226B00AAB4F4 /* Sources */ = {
			isa = PBXSourcesBuildPhase;
			buildActionMask = 2147483647;
			files = (
				675BA05A29FB226B00AAB4F4 /* CapstoneIosFinalTests.swift in Sources */,
			);
			runOnlyForDeploymentPostprocessing = 0;
		};
		675BA05B29FB226B00AAB4F4 /* Sources */ = {
			isa = PBXSourcesBuildPhase;
			buildActionMask = 2147483647;
			files = (
				675BA06629FB226B00AAB4F4 /* CapstoneIosFinalUITestsLaunchTests.swift in Sources */,
				675BA06429FB226B00AAB4F4 /* CapstoneIosFinalUITests.swift in Sources */,
			);
			runOnlyForDeploymentPostprocessing = 0;
		};
/* End PBXSourcesBuildPhase section */

/* Begin PBXTargetDependency section */
		675BA05729FB226B00AAB4F4 /* PBXTargetDependency */ = {
			isa = PBXTargetDependency;
			target = 675BA03F29FB226A00AAB4F4 /* CapstoneIosFinal */;
			targetProxy = 675BA05629FB226B00AAB4F4 /* PBXContainerItemProxy */;
		};
		675BA06129FB226B00AAB4F4 /* PBXTargetDependency */ = {
			isa = PBXTargetDependency;
			target = 675BA03F29FB226A00AAB4F4 /* CapstoneIosFinal */;
			targetProxy = 675BA06029FB226B00AAB4F4 /* PBXContainerItemProxy */;
		};
/* End PBXTargetDependency section */

/* Begin XCBuildConfiguration section */
		675BA06729FB226B00AAB4F4 /* Debug */ = {
			isa = XCBuildConfiguration;
			buildSettings = {
				ALWAYS_SEARCH_USER_PATHS = NO;
				CLANG_ANALYZER_NONNULL = YES;
				CLANG_ANALYZER_NUMBER_OBJECT_CONVERSION = YES_AGGRESSIVE;
				CLANG_CXX_LANGUAGE_STANDARD = "gnu++20";
				CLANG_ENABLE_MODULES = YES;
				CLANG_ENABLE_OBJC_ARC = YES;
				CLANG_ENABLE_OBJC_WEAK = YES;
				CLANG_WARN_BLOCK_CAPTURE_AUTORELEASING = YES;
				CLANG_WARN_BOOL_CONVERSION = YES;
				CLANG_WARN_COMMA = YES;
				CLANG_WARN_CONSTANT_CONVERSION = YES;
				CLANG_WARN_DEPRECATED_OBJC_IMPLEMENTATIONS = YES;
				CLANG_WARN_DIRECT_OBJC_ISA_USAGE = YES_ERROR;
				CLANG_WARN_DOCUMENTATION_COMMENTS = YES;
				CLANG_WARN_EMPTY_BODY = YES;
				CLANG_WARN_ENUM_CONVERSION = YES;
				CLANG_WARN_INFINITE_RECURSION = YES;
				CLANG_WARN_INT_CONVERSION = YES;
				CLANG_WARN_NON_LITERAL_NULL_CONVERSION = YES;
				CLANG_WARN_OBJC_IMPLICIT_RETAIN_SELF = YES;
				CLANG_WARN_OBJC_LITERAL_CONVERSION = YES;
				CLANG_WARN_OBJC_ROOT_CLASS = YES_ERROR;
				CLANG_WARN_QUOTED_INCLUDE_IN_FRAMEWORK_HEADER = YES;
				CLANG_WARN_RANGE_LOOP_ANALYSIS = YES;
				CLANG_WARN_STRICT_PROTOTYPES = YES;
				CLANG_WARN_SUSPICIOUS_MOVE = YES;
				CLANG_WARN_UNGUARDED_AVAILABILITY = YES_AGGRESSIVE;
				CLANG_WARN_UNREACHABLE_CODE = YES;
				CLANG_WARN__DUPLICATE_METHOD_MATCH = YES;
				COPY_PHASE_STRIP = NO;
				DEBUG_INFORMATION_FORMAT = dwarf;
				ENABLE_STRICT_OBJC_MSGSEND = YES;
				ENABLE_TESTABILITY = YES;
				GCC_C_LANGUAGE_STANDARD = gnu11;
				GCC_DYNAMIC_NO_PIC = NO;
				GCC_NO_COMMON_BLOCKS = YES;
				GCC_OPTIMIZATION_LEVEL = 0;
				GCC_PREPROCESSOR_DEFINITIONS = (
					"DEBUG=1",
					"$(inherited)",
				);
				GCC_WARN_64_TO_32_BIT_CONVERSION = YES;
				GCC_WARN_ABOUT_RETURN_TYPE = YES_ERROR;
				GCC_WARN_UNDECLARED_SELECTOR = YES;
				GCC_WARN_UNINITIALIZED_AUTOS = YES_AGGRESSIVE;
				GCC_WARN_UNUSED_FUNCTION = YES;
				GCC_WARN_UNUSED_VARIABLE = YES;
				IPHONEOS_DEPLOYMENT_TARGET = 16.4;
				MTL_ENABLE_DEBUG_INFO = INCLUDE_SOURCE;
				MTL_FAST_MATH = YES;
				ONLY_ACTIVE_ARCH = YES;
				SDKROOT = iphoneos;
				SWIFT_ACTIVE_COMPILATION_CONDITIONS = DEBUG;
				SWIFT_OPTIMIZATION_LEVEL = "-Onone";
			};
			name = Debug;
		};
		675BA06829FB226B00AAB4F4 /* Release */ = {
			isa = XCBuildConfiguration;
			buildSettings = {
				ALWAYS_SEARCH_USER_PATHS = NO;
				CLANG_ANALYZER_NONNULL = YES;
				CLANG_ANALYZER_NUMBER_OBJECT_CONVERSION = YES_AGGRESSIVE;
				CLANG_CXX_LANGUAGE_STANDARD = "gnu++20";
				CLANG_ENABLE_MODULES = YES;
				CLANG_ENABLE_OBJC_ARC = YES;
				CLANG_ENABLE_OBJC_WEAK = YES;
				CLANG_WARN_BLOCK_CAPTURE_AUTORELEASING = YES;
				CLANG_WARN_BOOL_CONVERSION = YES;
				CLANG_WARN_COMMA = YES;
				CLANG_WARN_CONSTANT_CONVERSION = YES;
				CLANG_WARN_DEPRECATED_OBJC_IMPLEMENTATIONS = YES;
				CLANG_WARN_DIRECT_OBJC_ISA_USAGE = YES_ERROR;
				CLANG_WARN_DOCUMENTATION_COMMENTS = YES;
				CLANG_WARN_EMPTY_BODY = YES;
				CLANG_WARN_ENUM_CONVERSION = YES;
				CLANG_WARN_INFINITE_RECURSION = YES;
				CLANG_WARN_INT_CONVERSION = YES;
				CLANG_WARN_NON_LITERAL_NULL_CONVERSION = YES;
				CLANG_WARN_OBJC_IMPLICIT_RETAIN_SELF = YES;
				CLANG_WARN_OBJC_LITERAL_CONVERSION = YES;
				CLANG_WARN_OBJC_ROOT_CLASS = YES_ERROR;
				CLANG_WARN_QUOTED_INCLUDE_IN_FRAMEWORK_HEADER = YES;
				CLANG_WARN_RANGE_LOOP_ANALYSIS = YES;
				CLANG_WARN_STRICT_PROTOTYPES = YES;
				CLANG_WARN_SUSPICIOUS_MOVE = YES;
				CLANG_WARN_UNGUARDED_AVAILABILITY = YES_AGGRESSIVE;
				CLANG_WARN_UNREACHABLE_CODE = YES;
				CLANG_WARN__DUPLICATE_METHOD_MATCH = YES;
				COPY_PHASE_STRIP = NO;
				DEBUG_INFORMATION_FORMAT = "dwarf-with-dsym";
				ENABLE_NS_ASSERTIONS = NO;
				ENABLE_STRICT_OBJC_MSGSEND = YES;
				GCC_C_LANGUAGE_STANDARD = gnu11;
				GCC_NO_COMMON_BLOCKS = YES;
				GCC_WARN_64_TO_32_BIT_CONVERSION = YES;
				GCC_WARN_ABOUT_RETURN_TYPE = YES_ERROR;
				GCC_WARN_UNDECLARED_SELECTOR = YES;
				GCC_WARN_UNINITIALIZED_AUTOS = YES_AGGRESSIVE;
				GCC_WARN_UNUSED_FUNCTION = YES;
				GCC_WARN_UNUSED_VARIABLE = YES;
				IPHONEOS_DEPLOYMENT_TARGET = 16.4;
				MTL_ENABLE_DEBUG_INFO = NO;
				MTL_FAST_MATH = YES;
				SDKROOT = iphoneos;
				SWIFT_COMPILATION_MODE = wholemodule;
				SWIFT_OPTIMIZATION_LEVEL = "-O";
				VALIDATE_PRODUCT = YES;
			};
			name = Release;
		};
		675BA06A29FB226B00AAB4F4 /* Debug */ = {
			isa = XCBuildConfiguration;
			buildSettings = {
				ASSETCATALOG_COMPILER_APPICON_NAME = AppIcon;
				ASSETCATALOG_COMPILER_GLOBAL_ACCENT_COLOR_NAME = AccentColor;
				CODE_SIGN_STYLE = Automatic;
				CURRENT_PROJECT_VERSION = 1;
				DEVELOPMENT_ASSET_PATHS = "\"CapstoneIosFinal/Preview Content\"";
				ENABLE_PREVIEWS = YES;
				GENERATE_INFOPLIST_FILE = YES;
				INFOPLIST_KEY_UIApplicationSceneManifest_Generation = YES;
				INFOPLIST_KEY_UIApplicationSupportsIndirectInputEvents = YES;
				INFOPLIST_KEY_UILaunchScreen_Generation = YES;
				INFOPLIST_KEY_UISupportedInterfaceOrientations_iPad = "UIInterfaceOrientationPortrait UIInterfaceOrientationPortraitUpsideDown UIInterfaceOrientationLandscapeLeft UIInterfaceOrientationLandscapeRight";
				INFOPLIST_KEY_UISupportedInterfaceOrientations_iPhone = "UIInterfaceOrientationPortrait UIInterfaceOrientationLandscapeLeft UIInterfaceOrientationLandscapeRight";
				LD_RUNPATH_SEARCH_PATHS = (
					"$(inherited)",
					"@executable_path/Frameworks",
				);
				MARKETING_VERSION = 1.0;
				PRODUCT_BUNDLE_IDENTIFIER = com.capstoneIosFinal.CapstoneIosFinal;
				PRODUCT_NAME = "$(TARGET_NAME)";
				SWIFT_EMIT_LOC_STRINGS = YES;
				SWIFT_VERSION = 5.0;
				TARGETED_DEVICE_FAMILY = "1,2";
			};
			name = Debug;
		};
		675BA06B29FB226B00AAB4F4 /* Release */ = {
			isa = XCBuildConfiguration;
			buildSettings = {
				ASSETCATALOG_COMPILER_APPICON_NAME = AppIcon;
				ASSETCATALOG_COMPILER_GLOBAL_ACCENT_COLOR_NAME = AccentColor;
				CODE_SIGN_STYLE = Automatic;
				CURRENT_PROJECT_VERSION = 1;
				DEVELOPMENT_ASSET_PATHS = "\"CapstoneIosFinal/Preview Content\"";
				ENABLE_PREVIEWS = YES;
				GENERATE_INFOPLIST_FILE = YES;
				INFOPLIST_KEY_UIApplicationSceneManifest_Generation = YES;
				INFOPLIST_KEY_UIApplicationSupportsIndirectInputEvents = YES;
				INFOPLIST_KEY_UILaunchScreen_Generation = YES;
				INFOPLIST_KEY_UISupportedInterfaceOrientations_iPad = "UIInterfaceOrientationPortrait UIInterfaceOrientationPortraitUpsideDown UIInterfaceOrientationLandscapeLeft UIInterfaceOrientationLandscapeRight";
				INFOPLIST_KEY_UISupportedInterfaceOrientations_iPhone = "UIInterfaceOrientationPortrait UIInterfaceOrientationLandscapeLeft UIInterfaceOrientationLandscapeRight";
				LD_RUNPATH_SEARCH_PATHS = (
					"$(inherited)",
					"@executable_path/Frameworks",
				);
				MARKETING_VERSION = 1.0;
				PRODUCT_BUNDLE_IDENTIFIER = com.capstoneIosFinal.CapstoneIosFinal;
				PRODUCT_NAME = "$(TARGET_NAME)";
				SWIFT_EMIT_LOC_STRINGS = YES;
				SWIFT_VERSION = 5.0;
				TARGETED_DEVICE_FAMILY = "1,2";
			};
			name = Release;
		};
		675BA06D29FB226B00AAB4F4 /* Debug */ = {
			isa = XCBuildConfiguration;
			buildSettings = {
				ALWAYS_EMBED_SWIFT_STANDARD_LIBRARIES = YES;
				BUNDLE_LOADER = "$(TEST_HOST)";
				CODE_SIGN_STYLE = Automatic;
				CURRENT_PROJECT_VERSION = 1;
				GENERATE_INFOPLIST_FILE = YES;
				IPHONEOS_DEPLOYMENT_TARGET = 16.4;
				MARKETING_VERSION = 1.0;
				PRODUCT_BUNDLE_IDENTIFIER = com.capstoneIosFinal.CapstoneIosFinalTests;
				PRODUCT_NAME = "$(TARGET_NAME)";
				SWIFT_EMIT_LOC_STRINGS = NO;
				SWIFT_VERSION = 5.0;
				TARGETED_DEVICE_FAMILY = "1,2";
				TEST_HOST = "$(BUILT_PRODUCTS_DIR)/CapstoneIosFinal.app/$(BUNDLE_EXECUTABLE_FOLDER_PATH)/CapstoneIosFinal";
			};
			name = Debug;
		};
		675BA06E29FB226B00AAB4F4 /* Release */ = {
			isa = XCBuildConfiguration;
			buildSettings = {
				ALWAYS_EMBED_SWIFT_STANDARD_LIBRARIES = YES;
				BUNDLE_LOADER = "$(TEST_HOST)";
				CODE_SIGN_STYLE = Automatic;
				CURRENT_PROJECT_VERSION = 1;
				GENERATE_INFOPLIST_FILE = YES;
				IPHONEOS_DEPLOYMENT_TARGET = 16.4;
				MARKETING_VERSION = 1.0;
				PRODUCT_BUNDLE_IDENTIFIER = com.capstoneIosFinal.CapstoneIosFinalTests;
				PRODUCT_NAME = "$(TARGET_NAME)";
				SWIFT_EMIT_LOC_STRINGS = NO;
				SWIFT_VERSION = 5.0;
				TARGETED_DEVICE_FAMILY = "1,2";
				TEST_HOST = "$(BUILT_PRODUCTS_DIR)/CapstoneIosFinal.app/$(BUNDLE_EXECUTABLE_FOLDER_PATH)/CapstoneIosFinal";
			};
			name = Release;
		};
		675BA07029FB226B00AAB4F4 /* Debug */ = {
			isa = XCBuildConfiguration;
			buildSettings = {
				ALWAYS_EMBED_SWIFT_STANDARD_LIBRARIES = YES;
				CODE_SIGN_STYLE = Automatic;
				CURRENT_PROJECT_VERSION = 1;
				GENERATE_INFOPLIST_FILE = YES;
				MARKETING_VERSION = 1.0;
				PRODUCT_BUNDLE_IDENTIFIER = com.capstoneIosFinal.CapstoneIosFinalUITests;
				PRODUCT_NAME = "$(TARGET_NAME)";
				SWIFT_EMIT_LOC_STRINGS = NO;
				SWIFT_VERSION = 5.0;
				TARGETED_DEVICE_FAMILY = "1,2";
				TEST_TARGET_NAME = CapstoneIosFinal;
			};
			name = Debug;
		};
		675BA07129FB226B00AAB4F4 /* Release */ = {
			isa = XCBuildConfiguration;
			buildSettings = {
				ALWAYS_EMBED_SWIFT_STANDARD_LIBRARIES = YES;
				CODE_SIGN_STYLE = Automatic;
				CURRENT_PROJECT_VERSION = 1;
				GENERATE_INFOPLIST_FILE = YES;
				MARKETING_VERSION = 1.0;
				PRODUCT_BUNDLE_IDENTIFIER = com.capstoneIosFinal.CapstoneIosFinalUITests;
				PRODUCT_NAME = "$(TARGET_NAME)";
				SWIFT_EMIT_LOC_STRINGS = NO;
				SWIFT_VERSION = 5.0;
				TARGETED_DEVICE_FAMILY = "1,2";
				TEST_TARGET_NAME = CapstoneIosFinal;
			};
			name = Release;
		};
/* End XCBuildConfiguration section */

/* Begin XCConfigurationList section */
		675BA03B29FB226A00AAB4F4 /* Build configuration list for PBXProject "CapstoneIosFinal" */ = {
			isa = XCConfigurationList;
			buildConfigurations = (
				675BA06729FB226B00AAB4F4 /* Debug */,
				675BA06829FB226B00AAB4F4 /* Release */,
			);
			defaultConfigurationIsVisible = 0;
			defaultConfigurationName = Release;
		};
		675BA06929FB226B00AAB4F4 /* Build configuration list for PBXNativeTarget "CapstoneIosFinal" */ = {
			isa = XCConfigurationList;
			buildConfigurations = (
				675BA06A29FB226B00AAB4F4 /* Debug */,
				675BA06B29FB226B00AAB4F4 /* Release */,
			);
			defaultConfigurationIsVisible = 0;
			defaultConfigurationName = Release;
		};
		675BA06C29FB226B00AAB4F4 /* Build configuration list for PBXNativeTarget "CapstoneIosFinalTests" */ = {
			isa = XCConfigurationList;
			buildConfigurations = (
				675BA06D29FB226B00AAB4F4 /* Debug */,
				675BA06E29FB226B00AAB4F4 /* Release */,
			);
			defaultConfigurationIsVisible = 0;
			defaultConfigurationName = Release;
		};
		675BA06F29FB226B00AAB4F4 /* Build configuration list for PBXNativeTarget "CapstoneIosFinalUITests" */ = {
			isa = XCConfigurationList;
			buildConfigurations = (
				675BA07029FB226B00AAB4F4 /* Debug */,
				675BA07129FB226B00AAB4F4 /* Release */,
			);
			defaultConfigurationIsVisible = 0;
			defaultConfigurationName = Release;
		};
/* End XCConfigurationList section */

/* Begin XCVersionGroup section */
		675BA04E29FB226A00AAB4F4 /* CapstoneIosFinal.xcdatamodeld */ = {
			isa = XCVersionGroup;
			children = (
				675BA04F29FB226A00AAB4F4 /* CapstoneIosFinal.xcdatamodel */,
			);
			currentVersion = 675BA04F29FB226A00AAB4F4 /* CapstoneIosFinal.xcdatamodel */;
			path = CapstoneIosFinal.xcdatamodeld;
			sourceTree = "<group>";
			versionGroupType = wrapper.xcdatamodel;
		};
/* End XCVersionGroup section */
	};
	rootObject = 675BA03829FB226A00AAB4F4 /* Project object */;
}
